# This file was autogenerated by uv via the following command:
#    uv export --frozen --no-hashes --all-extras --no-emit-project -o requirements.lock
annotated-doc==0.0.5
    # via typer
annotated-types==0.8.0
    # via pydantic
anthropic==1.4.0
    # via ceidg-tool
anyio==4.15.1
    # via
    #   anthropic
    #   httpx
    #   httpx2
ast-serialize==0.11.1
    # via mypy
backports-tarfile==1.2.0 ; python_full_version < '3.12'
    # via jaraco-context
certifi==2026.7.22
    # via
    #   httpcore
    #   httpx
cffi==2.1.1 ; platform_python_implementation != 'PyPy' and sys_platform == 'linux'
    # via cryptography
colorama==0.4.6 ; sys_platform == 'win32'
    # via
    #   pytest
    #   typer
cryptography==50.0.1 ; sys_platform == 'linux'
    # via secretstorage
docstring-parser==0.18.0
    # via anthropic
et-xmlfile==2.0.0
    # via openpyxl
h11==0.16.0
    # via
    #   httpcore
    #   httpcore2
httpcore==1.0.9
    # via httpx
httpcore2==2.12.0 ; sys_platform != 'emscripten'
    # via httpx2
httpx==0.28.1
    # via ceidg-tool
httpx2==2.12.0
    # via anthropic
httpx2-jsfetch==1.0 ; python_full_version >= '3.12' and sys_platform == 'emscripten'
    # via httpx2
idna==3.19
    # via
    #   anyio
    #   httpx
    #   httpx2
importlib-metadata==9.0.1 ; python_full_version < '3.12'
    # via keyring
iniconfig==2.3.0
    # via pytest
jaraco-classes==3.4.0
    # via keyring
jaraco-context==6.1.2
    # via keyring
jaraco-functools==4.6.0
    # via keyring
jeepney==0.9.0 ; sys_platform == 'linux'
    # via
    #   keyring
    #   secretstorage
jiter==0.16.0
    # via anthropic
keyring==25.7.0
    # via ceidg-tool
librt==0.15.0 ; platform_python_implementation != 'PyPy'
    # via mypy
markdown-it-py==4.2.0
    # via rich
mdurl==0.1.2
    # via markdown-it-py
more-itertools==11.1.0
    # via
    #   jaraco-classes
    #   jaraco-functools
mypy==2.3.1
    # via ceidg-tool
mypy-extensions==1.1.0
    # via mypy
openpyxl==3.1.5
    # via ceidg-tool
packaging==26.3
    # via pytest
pathspec==1.1.1
    # via mypy
platformdirs==4.11.8
    # via ceidg-tool
pluggy==1.6.0
    # via pytest
prompt-toolkit==3.0.53
    # via questionary
pycparser==3.0 ; implementation_name != 'PyPy' and platform_python_implementation != 'PyPy' and sys_platform == 'linux'
    # via cffi
pydantic==2.13.5
    # via
    #   anthropic
    #   ceidg-tool
pydantic-core==2.46.5
    # via pydantic
pygments==2.21.0
    # via
    #   pytest
    #   rich
pytest==9.1.1
    # via ceidg-tool
python-dotenv==1.2.3
    # via ceidg-tool
pywin32-ctypes==0.2.3 ; sys_platform == 'win32'
    # via keyring
pyyaml==6.0.3
    # via ceidg-tool
questionary==2.1.1
    # via ceidg-tool
rich==15.0.0
    # via
    #   ceidg-tool
    #   typer
ruff==0.16.6
    # via ceidg-tool
secretstorage==3.5.0 ; sys_platform == 'linux'
    # via keyring
shellingham==1.5.4
    # via typer
sniffio==1.3.1
    # via anthropic
truststore==0.10.4 ; sys_platform != 'emscripten'
    # via
    #   httpcore2
    #   httpx2
typer==0.27.2
    # via ceidg-tool
types-pyyaml==6.0.12.20260906
    # via ceidg-tool
typing-extensions==4.16.0
    # via
    #   anthropic
    #   anyio
    #   httpx2
    #   mypy
    #   pydantic
    #   pydantic-core
    #   typing-inspection
typing-inspection==0.4.4
    # via pydantic
wcwidth==0.8.3
    # via prompt-toolkit
zipp==4.1.0 ; python_full_version < '3.12'
    # via importlib-metadata
